
Microsoft Visual Studio Solution File, Format Version 12.00
# Visual Studio Version 16
VisualStudioVersion = 16.0.30804.86
MinimumVisualStudioVersion = 10.0.40219.1
Project("{FAE04EC0-301F-11D3-BF4B-00C04F79EFBC}") = "TiendaServicios.Api.Autor", "TiendaServicios.Api.Autor\TiendaServicios.Api.Autor.csproj", "{FBECC785-5A9D-41CC-A72E-E0E0AA51CED8}"
EndProject
Project("{FAE04EC0-301F-11D3-BF4B-00C04F79EFBC}") = "TiendaServicios.Api.Libro", "TiendaServicios.Api.Libro\TiendaServicios.Api.Libro.csproj", "{CA81FFAB-0E42-4763-BAD3-3C01106579BD}"
EndProject
Global
	GlobalSection(SolutionConfigurationPlatforms) = preSolution
		Debug|Any CPU = Debug|Any CPU
		Release|Any CPU = Release|Any CPU
	EndGlobalSection
	GlobalSection(ProjectConfigurationPlatforms) = postSolution
		{FBECC785-5A9D-41CC-A72E-E0E0AA51CED8}.Debug|Any CPU.ActiveCfg = Debug|Any CPU
		{FBECC785-5A9D-41CC-A72E-E0E0AA51CED8}.Debug|Any CPU.Build.0 = Debug|Any CPU
		{FBECC785-5A9D-41CC-A72E-E0E0AA51CED8}.Release|Any CPU.ActiveCfg = Release|Any CPU
		{FBECC785-5A9D-41CC-A72E-E0E0AA51CED8}.Release|Any CPU.Build.0 = Release|Any CPU
		{CA81FFAB-0E42-4763-BAD3-3C01106579BD}.Debug|Any CPU.ActiveCfg = Debug|Any CPU
		{CA81FFAB-0E42-4763-BAD3-3C01106579BD}.Debug|Any CPU.Build.0 = Debug|Any CPU
		{CA81FFAB-0E42-4763-BAD3-3C01106579BD}.Release|Any CPU.ActiveCfg = Release|Any CPU
		{CA81FFAB-0E42-4763-BAD3-3C01106579BD}.Release|Any CPU.Build.0 = Release|Any CPU
	EndGlobalSection
	GlobalSection(SolutionProperties) = preSolution
		HideSolutionNode = FALSE
	EndGlobalSection
	GlobalSection(ExtensibilityGlobals) = postSolution
		SolutionGuid = {0188172C-E2B2-44C8-A8A7-8514AC6C6A7A}
	EndGlobalSection
EndGlobal
