
Microsoft Visual Studio Solution File, Format Version 12.00
# Visual Studio Version 16
VisualStudioVersion = 16.0.30804.86
MinimumVisualStudioVersion = 10.0.40219.1
Project("{9A19103F-16F7-4668-BE54-9A1E7A4F7556}") = "TiendaServicios.Api.Autor", "TiendaServicios.Api.Autor\TiendaServicios.Api.Autor.csproj", "{FBECC785-5A9D-41CC-A72E-E0E0AA51CED8}"
EndProject
Project("{9A19103F-16F7-4668-BE54-9A1E7A4F7556}") = "TiendaServicios.Api.Libro", "TiendaServicios.Api.Libro\TiendaServicios.Api.Libro.csproj", "{CA81FFAB-0E42-4763-BAD3-3C01106579BD}"
EndProject
Project("{9A19103F-16F7-4668-BE54-9A1E7A4F7556}") = "TiendaServicios.Api.CarritoCompra", "TiendaServicios.Api.CarritoCompras\TiendaServicios.Api.CarritoCompra.csproj", "{9600DD70-CEDE-4E7D-9ADF-1CED1741BDA9}"
EndProject
Project("{9A19103F-16F7-4668-BE54-9A1E7A4F7556}") = "TiendaServicios.Api.Libro.Tests", "TiendaServicios.Api.Libro.Tests\TiendaServicios.Api.Libro.Tests.csproj", "{0546B584-B029-4E8A-8B1F-2E6E67E6DDF6}"
EndProject
Project("{E53339B2-1760-4266-BCC7-CA923CBCF16C}") = "docker-compose", "docker-compose.dcproj", "{812C14B1-2FD6-4164-958B-8A555107B64E}"
EndProject
Project("{FAE04EC0-301F-11D3-BF4B-00C04F79EFBC}") = "TiendaServicios.Api.Gateway", "TiendaServicios.Api.Gateway\TiendaServicios.Api.Gateway.csproj", "{42D62B75-20F7-43DC-9020-F92577C81F7A}"
EndProject
Project("{FAE04EC0-301F-11D3-BF4B-00C04F79EFBC}") = "TiendaServicios.RabbitMQ.Lib", "TiendaServicios.RabbitMQ.Lib\TiendaServicios.RabbitMQ.Lib.csproj", "{2874D61A-3E6E-489B-A96D-132D10502F29}"
EndProject
Global
	GlobalSection(SolutionConfigurationPlatforms) = preSolution
		Debug|Any CPU = Debug|Any CPU
		Release|Any CPU = Release|Any CPU
	EndGlobalSection
	GlobalSection(ProjectConfigurationPlatforms) = postSolution
		{FBECC785-5A9D-41CC-A72E-E0E0AA51CED8}.Debug|Any CPU.ActiveCfg = Debug|Any CPU
		{FBECC785-5A9D-41CC-A72E-E0E0AA51CED8}.Debug|Any CPU.Build.0 = Debug|Any CPU
		{FBECC785-5A9D-41CC-A72E-E0E0AA51CED8}.Release|Any CPU.ActiveCfg = Release|Any CPU
		{FBECC785-5A9D-41CC-A72E-E0E0AA51CED8}.Release|Any CPU.Build.0 = Release|Any CPU
		{CA81FFAB-0E42-4763-BAD3-3C01106579BD}.Debug|Any CPU.ActiveCfg = Debug|Any CPU
		{CA81FFAB-0E42-4763-BAD3-3C01106579BD}.Debug|Any CPU.Build.0 = Debug|Any CPU
		{CA81FFAB-0E42-4763-BAD3-3C01106579BD}.Release|Any CPU.ActiveCfg = Release|Any CPU
		{CA81FFAB-0E42-4763-BAD3-3C01106579BD}.Release|Any CPU.Build.0 = Release|Any CPU
		{9600DD70-CEDE-4E7D-9ADF-1CED1741BDA9}.Debug|Any CPU.ActiveCfg = Debug|Any CPU
		{9600DD70-CEDE-4E7D-9ADF-1CED1741BDA9}.Debug|Any CPU.Build.0 = Debug|Any CPU
		{9600DD70-CEDE-4E7D-9ADF-1CED1741BDA9}.Release|Any CPU.ActiveCfg = Release|Any CPU
		{9600DD70-CEDE-4E7D-9ADF-1CED1741BDA9}.Release|Any CPU.Build.0 = Release|Any CPU
		{0546B584-B029-4E8A-8B1F-2E6E67E6DDF6}.Debug|Any CPU.ActiveCfg = Debug|Any CPU
		{0546B584-B029-4E8A-8B1F-2E6E67E6DDF6}.Debug|Any CPU.Build.0 = Debug|Any CPU
		{0546B584-B029-4E8A-8B1F-2E6E67E6DDF6}.Release|Any CPU.ActiveCfg = Release|Any CPU
		{0546B584-B029-4E8A-8B1F-2E6E67E6DDF6}.Release|Any CPU.Build.0 = Release|Any CPU
		{812C14B1-2FD6-4164-958B-8A555107B64E}.Debug|Any CPU.ActiveCfg = Debug|Any CPU
		{812C14B1-2FD6-4164-958B-8A555107B64E}.Debug|Any CPU.Build.0 = Debug|Any CPU
		{812C14B1-2FD6-4164-958B-8A555107B64E}.Release|Any CPU.ActiveCfg = Release|Any CPU
		{812C14B1-2FD6-4164-958B-8A555107B64E}.Release|Any CPU.Build.0 = Release|Any CPU
		{42D62B75-20F7-43DC-9020-F92577C81F7A}.Debug|Any CPU.ActiveCfg = Debug|Any CPU
		{42D62B75-20F7-43DC-9020-F92577C81F7A}.Debug|Any CPU.Build.0 = Debug|Any CPU
		{42D62B75-20F7-43DC-9020-F92577C81F7A}.Release|Any CPU.ActiveCfg = Release|Any CPU
		{42D62B75-20F7-43DC-9020-F92577C81F7A}.Release|Any CPU.Build.0 = Release|Any CPU
		{2874D61A-3E6E-489B-A96D-132D10502F29}.Debug|Any CPU.ActiveCfg = Debug|Any CPU
		{2874D61A-3E6E-489B-A96D-132D10502F29}.Debug|Any CPU.Build.0 = Debug|Any CPU
		{2874D61A-3E6E-489B-A96D-132D10502F29}.Release|Any CPU.ActiveCfg = Release|Any CPU
		{2874D61A-3E6E-489B-A96D-132D10502F29}.Release|Any CPU.Build.0 = Release|Any CPU
	EndGlobalSection
	GlobalSection(SolutionProperties) = preSolution
		HideSolutionNode = FALSE
	EndGlobalSection
	GlobalSection(ExtensibilityGlobals) = postSolution
		SolutionGuid = {0188172C-E2B2-44C8-A8A7-8514AC6C6A7A}
	EndGlobalSection
EndGlobal
